
Microsoft Visual Studio Solution File, Format Version 12.00
# Visual Studio Version 16
VisualStudioVersion = 16.0.29609.76
MinimumVisualStudioVersion = 10.0.40219.1
Project("{FAE04EC0-301F-11D3-BF4B-00C04F79EFBC}") = "WpfEmail", "WpfEmail\WpfEmail.csproj", "{D4017E2F-7496-4580-B210-745176F7A3AD}"
EndProject
Project("{FAE04EC0-301F-11D3-BF4B-00C04F79EFBC}") = "UIHelp", "UIHelp\UIHelp.csproj", "{34261330-0181-40B4-A236-5797368B7CAE}"
EndProject
Global
	GlobalSection(SolutionConfigurationPlatforms) = preSolution
		Debug|Any CPU = Debug|Any CPU
		Release|Any CPU = Release|Any CPU
	EndGlobalSection
	GlobalSection(ProjectConfigurationPlatforms) = postSolution
		{D4017E2F-7496-4580-B210-745176F7A3AD}.Debug|Any CPU.ActiveCfg = Debug|Any CPU
		{D4017E2F-7496-4580-B210-745176F7A3AD}.Debug|Any CPU.Build.0 = Debug|Any CPU
		{D4017E2F-7496-4580-B210-745176F7A3AD}.Release|Any CPU.ActiveCfg = Release|Any CPU
		{D4017E2F-7496-4580-B210-745176F7A3AD}.Release|Any CPU.Build.0 = Release|Any CPU
		{34261330-0181-40B4-A236-5797368B7CAE}.Debug|Any CPU.ActiveCfg = Debug|Any CPU
		{34261330-0181-40B4-A236-5797368B7CAE}.Debug|Any CPU.Build.0 = Debug|Any CPU
		{34261330-0181-40B4-A236-5797368B7CAE}.Release|Any CPU.ActiveCfg = Release|Any CPU
		{34261330-0181-40B4-A236-5797368B7CAE}.Release|Any CPU.Build.0 = Release|Any CPU
	EndGlobalSection
	GlobalSection(SolutionProperties) = preSolution
		HideSolutionNode = FALSE
	EndGlobalSection
	GlobalSection(ExtensibilityGlobals) = postSolution
		SolutionGuid = {22D4B93F-00F2-4D44-8FC4-C4A99D6C6BCF}
	EndGlobalSection
EndGlobal
